<?xml version="1.0" encoding="utf-8"?>
<Project ToolsVersion="4.0" xmlns="http://schemas.microsoft.com/developer/msbuild/2003">
  <ItemGroup>
    <ClInclude Include="framework.h">
      <Filter>Default</Filter>
    </ClInclude>
    <ClInclude Include="pch.h">
      <Filter>Default</Filter>
    </ClInclude>
    <ClInclude Include="CScriptMgr.h">
      <Filter>ScriptMgr</Filter>
    </ClInclude>
    <ClInclude Include="CUnitScript.h">
      <Filter>Scripts\Unit</Filter>
    </ClInclude>
    <ClInclude Include="CBackgroundScript.h">
      <Filter>Lecture</Filter>
    </ClInclude>
    <ClInclude Include="CCameraMoveScript.h">
      <Filter>Lecture</Filter>
    </ClInclude>
    <ClInclude Include="CMissileScript.h">
      <Filter>Lecture</Filter>
    </ClInclude>
    <ClInclude Include="CPlayerScript.h">
      <Filter>Lecture</Filter>
    </ClInclude>
    <ClInclude Include="CLDScript.h">
      <Filter>Scripts\Unit\LD</Filter>
    </ClInclude>
    <ClInclude Include="CPlayerMgrScript.h">
      <Filter>Manager\PlayerManager</Filter>
    </ClInclude>
    <ClInclude Include="CScriptTemplate.h" />
    <ClInclude Include="CPlatformScript.h">
      <Filter>Scripts\Platform</Filter>
    </ClInclude>
    <ClInclude Include="CCornerTriggerScript.h">
      <Filter>Scripts\Platform</Filter>
    </ClInclude>
    <ClInclude Include="CLDHitBox.h">
      <Filter>Scripts\Unit\LD</Filter>
    </ClInclude>
    <ClInclude Include="CMonsterScript.h">
      <Filter>Scripts\Unit\Monster</Filter>
    </ClInclude>
    <ClInclude Include="CCamCtrlScript.h">
      <Filter>Manager\CamCtrl</Filter>
    </ClInclude>
    <ClInclude Include="CParallelScript.h">
      <Filter>Scripts\ParallelScript</Filter>
    </ClInclude>
    <ClInclude Include="CStormBGScript.h">
      <Filter>Scripts\ParallelScript</Filter>
    </ClInclude>
    <ClInclude Include="CDrownedScript.h">
      <Filter>Scripts\Unit\Monster</Filter>
    </ClInclude>
  </ItemGroup>
  <ItemGroup>
    <ClCompile Include="pch.cpp">
      <Filter>Default</Filter>
    </ClCompile>
    <ClCompile Include="Scripts.cpp">
      <Filter>Default</Filter>
    </ClCompile>
    <ClCompile Include="CScriptMgr.cpp">
      <Filter>ScriptMgr</Filter>
    </ClCompile>
    <ClCompile Include="CUnitScript.cpp">
      <Filter>Scripts\Unit</Filter>
    </ClCompile>
    <ClCompile Include="CBackgroundScript.cpp">
      <Filter>Lecture</Filter>
    </ClCompile>
    <ClCompile Include="CCameraMoveScript.cpp">
      <Filter>Lecture</Filter>
    </ClCompile>
    <ClCompile Include="CMissileScript.cpp">
      <Filter>Lecture</Filter>
    </ClCompile>
    <ClCompile Include="CPlayerScript.cpp">
      <Filter>Lecture</Filter>
    </ClCompile>
    <ClCompile Include="CLDScript.cpp">
      <Filter>Scripts\Unit\LD</Filter>
    </ClCompile>
    <ClCompile Include="CPlayerMgrScript.cpp">
      <Filter>Manager\PlayerManager</Filter>
    </ClCompile>
    <ClCompile Include="CScriptTemplate.cpp" />
    <ClCompile Include="CPlatformScript.cpp">
      <Filter>Scripts\Platform</Filter>
    </ClCompile>
    <ClCompile Include="CCornerTriggerScript.cpp">
      <Filter>Scripts\Platform</Filter>
    </ClCompile>
    <ClCompile Include="CLDHitBox.cpp">
      <Filter>Scripts\Unit\LD</Filter>
    </ClCompile>
    <ClCompile Include="CMonsterScript.cpp">
      <Filter>Scripts\Unit\Monster</Filter>
    </ClCompile>
    <ClCompile Include="CCamCtrlScript.cpp">
      <Filter>Manager\CamCtrl</Filter>
    </ClCompile>
    <ClCompile Include="CParallelScript.cpp">
      <Filter>Scripts\ParallelScript</Filter>
    </ClCompile>
    <ClCompile Include="CStormBGScript.cpp">
      <Filter>Scripts\ParallelScript</Filter>
    </ClCompile>
    <ClCompile Include="CDrownedScript.cpp">
      <Filter>Scripts\Unit\Monster</Filter>
    </ClCompile>
  </ItemGroup>
  <ItemGroup>
    <Filter Include="Default">
      <UniqueIdentifier>{4f2f6642-c0f0-494a-9d81-0124398fdb95}</UniqueIdentifier>
    </Filter>
    <Filter Include="Scripts">
      <UniqueIdentifier>{af5c3808-4d30-476b-b2ab-d844558017d2}</UniqueIdentifier>
    </Filter>
    <Filter Include="ScriptMgr">
      <UniqueIdentifier>{b42de7fc-e585-40cf-9c65-79e91e2b59d4}</UniqueIdentifier>
    </Filter>
    <Filter Include="Scripts\Unit">
      <UniqueIdentifier>{383ed31b-8539-4343-9e5a-ab5a7615b651}</UniqueIdentifier>
    </Filter>
    <Filter Include="Lecture">
      <UniqueIdentifier>{e8894254-e800-4168-9e66-c93b4e2fcb48}</UniqueIdentifier>
    </Filter>
    <Filter Include="Scripts\Unit\LD">
      <UniqueIdentifier>{d92b386f-251f-4dc4-bbe9-bad72a53cf70}</UniqueIdentifier>
    </Filter>
    <Filter Include="Manager">
      <UniqueIdentifier>{2851db46-0803-4eb4-964d-75b3eeec0515}</UniqueIdentifier>
    </Filter>
    <Filter Include="Manager\PlayerManager">
      <UniqueIdentifier>{e2ef99bc-a1b3-446e-adec-23078ecbf899}</UniqueIdentifier>
    </Filter>
    <Filter Include="Scripts\Platform">
      <UniqueIdentifier>{50f8f38c-9818-4b39-af04-22b9d611a161}</UniqueIdentifier>
    </Filter>
    <Filter Include="Scripts\Unit\Monster">
      <UniqueIdentifier>{429dff60-b2a1-481f-aed6-769144cc5e5e}</UniqueIdentifier>
    </Filter>
    <Filter Include="Manager\CamCtrl">
      <UniqueIdentifier>{2b17bb50-5719-429c-97ab-3eb898fea038}</UniqueIdentifier>
    </Filter>
    <Filter Include="Scripts\ParallelScript">
      <UniqueIdentifier>{fb158054-49c3-46b3-ac8c-c61c413dd415}</UniqueIdentifier>
    </Filter>
  </ItemGroup>
</Project>