
Microsoft Visual Studio Solution File, Format Version 12.00
# Visual Studio Version 17
VisualStudioVersion = 17.8.34511.84
MinimumVisualStudioVersion = 10.0.40219.1
Project("{8BC9CEB8-8B4A-11D0-8D11-00A0C91BC942}") = "Client", "Project\Client\Client.vcxproj", "{F5855593-A552-4B34-B2FA-C41FC1DC045F}"
	ProjectSection(ProjectDependencies) = postProject
		{2461A9F6-0861-45EF-94C6-32CD37D501B5} = {2461A9F6-0861-45EF-94C6-32CD37D501B5}
	EndProjectSection
EndProject
Project("{8BC9CEB8-8B4A-11D0-8D11-00A0C91BC942}") = "Engine", "Project\Engine\Engine.vcxproj", "{2461A9F6-0861-45EF-94C6-32CD37D501B5}"
EndProject
Global
	GlobalSection(SolutionConfigurationPlatforms) = preSolution
		Debug|x64 = Debug|x64
		Debug|x86 = Debug|x86
		Release|x64 = Release|x64
		Release|x86 = Release|x86
	EndGlobalSection
	GlobalSection(ProjectConfigurationPlatforms) = postSolution
		{F5855593-A552-4B34-B2FA-C41FC1DC045F}.Debug|x64.ActiveCfg = Debug|x64
		{F5855593-A552-4B34-B2FA-C41FC1DC045F}.Debug|x64.Build.0 = Debug|x64
		{F5855593-A552-4B34-B2FA-C41FC1DC045F}.Debug|x86.ActiveCfg = Debug|Win32
		{F5855593-A552-4B34-B2FA-C41FC1DC045F}.Debug|x86.Build.0 = Debug|Win32
		{F5855593-A552-4B34-B2FA-C41FC1DC045F}.Release|x64.ActiveCfg = Release|x64
		{F5855593-A552-4B34-B2FA-C41FC1DC045F}.Release|x64.Build.0 = Release|x64
		{F5855593-A552-4B34-B2FA-C41FC1DC045F}.Release|x86.ActiveCfg = Release|Win32
		{F5855593-A552-4B34-B2FA-C41FC1DC045F}.Release|x86.Build.0 = Release|Win32
		{2461A9F6-0861-45EF-94C6-32CD37D501B5}.Debug|x64.ActiveCfg = Debug|x64
		{2461A9F6-0861-45EF-94C6-32CD37D501B5}.Debug|x64.Build.0 = Debug|x64
		{2461A9F6-0861-45EF-94C6-32CD37D501B5}.Debug|x86.ActiveCfg = Debug|Win32
		{2461A9F6-0861-45EF-94C6-32CD37D501B5}.Debug|x86.Build.0 = Debug|Win32
		{2461A9F6-0861-45EF-94C6-32CD37D501B5}.Release|x64.ActiveCfg = Release|x64
		{2461A9F6-0861-45EF-94C6-32CD37D501B5}.Release|x64.Build.0 = Release|x64
		{2461A9F6-0861-45EF-94C6-32CD37D501B5}.Release|x86.ActiveCfg = Release|Win32
		{2461A9F6-0861-45EF-94C6-32CD37D501B5}.Release|x86.Build.0 = Release|Win32
	EndGlobalSection
	GlobalSection(SolutionProperties) = preSolution
		HideSolutionNode = FALSE
	EndGlobalSection
	GlobalSection(ExtensibilityGlobals) = postSolution
		SolutionGuid = {E28D68B4-30FF-4CE0-96DA-41A880CB7588}
	EndGlobalSection
EndGlobal
